// !$*UTF8*$!
{
	archiveVersion = 1;
	classes = {
	};
	objectVersion = 50;
	objects = {

/* Begin PBXAggregateTarget section */
		C37E3447224101A30021FB1E /* AFormFramework */ = {
			isa = PBXAggregateTarget;
			buildConfigurationList = C37E3448224101A30021FB1E /* Build configuration list for PBXAggregateTarget "AFormFramework" */;
			buildPhases = (
				C37E344B224101B10021FB1E /* ShellScript */,
			);
			dependencies = (
			);
			name = AFormFramework;
			productName = AFormFramework;
		};
/* End PBXAggregateTarget section */

/* Begin PBXBuildFile section */
		C31C33972243CA2700E83D40 /* AFBaseCellConfig.m in Sources */ = {isa = PBXBuildFile; fileRef = C31C33962243CA2700E83D40 /* AFBaseCellConfig.m */; };
		C31C33982243CA8000E83D40 /* AFBaseCellConfig.h in CopyFiles */ = {isa = PBXBuildFile; fileRef = C31C33952243CA2700E83D40 /* AFBaseCellConfig.h */; };
		C31C33CE2245079300E83D40 /* AFValue.h in CopyFiles */ = {isa = PBXBuildFile; fileRef = C31C33CD224506F200E83D40 /* AFValue.h */; };
		C31C33D2224507E600E83D40 /* NSString+AFValue.m in Sources */ = {isa = PBXBuildFile; fileRef = C31C33D1224507E600E83D40 /* NSString+AFValue.m */; };
		C32089DF2254EE0A00B4D13E /* AFInputRowTest.m in Sources */ = {isa = PBXBuildFile; fileRef = C32089DE2254EE0A00B4D13E /* AFInputRowTest.m */; };
		C340F1CD2241314200402742 /* AFormFramework.h in CopyFiles */ = {isa = PBXBuildFile; fileRef = C340F1A222412E1E00402742 /* AFormFramework.h */; };
		C37E31EE2237DF160021FB1E /* AFormView.m in Sources */ = {isa = PBXBuildFile; fileRef = C37E31ED2237DF160021FB1E /* AFormView.m */; };
		C37E31F12237DFCA0021FB1E /* AFCollectionViewFlowLayout.m in Sources */ = {isa = PBXBuildFile; fileRef = C37E31F02237DFCA0021FB1E /* AFCollectionViewFlowLayout.m */; };
		C37E31F62237E5D40021FB1E /* AFSection.m in Sources */ = {isa = PBXBuildFile; fileRef = C37E31F52237E5D40021FB1E /* AFSection.m */; };
		C37E31F92237E5F10021FB1E /* AFRow.m in Sources */ = {isa = PBXBuildFile; fileRef = C37E31F82237E5F10021FB1E /* AFRow.m */; };
		C37E31FD2237ED610021FB1E /* AFRowConfig.m in Sources */ = {isa = PBXBuildFile; fileRef = C37E31FC2237ED610021FB1E /* AFRowConfig.m */; };
		C37E32032237ED870021FB1E /* AFLayoutConfig.m in Sources */ = {isa = PBXBuildFile; fileRef = C37E32022237ED870021FB1E /* AFLayoutConfig.m */; };
		C37E3207223814B90021FB1E /* AFResourceManager.m in Sources */ = {isa = PBXBuildFile; fileRef = C37E3206223814B90021FB1E /* AFResourceManager.m */; };
		C37E320B2238210D0021FB1E /* AFBaseCollectionViewCell.m in Sources */ = {isa = PBXBuildFile; fileRef = C37E320A2238210D0021FB1E /* AFBaseCollectionViewCell.m */; };
		C37E3213223825000021FB1E /* AFTextFieldCollectionViewCell.m in Sources */ = {isa = PBXBuildFile; fileRef = C37E3212223825000021FB1E /* AFTextFieldCollectionViewCell.m */; };
		C37E321722382BB30021FB1E /* AFFormLayoutAttributes.m in Sources */ = {isa = PBXBuildFile; fileRef = C37E321622382BB30021FB1E /* AFFormLayoutAttributes.m */; };
		C37E3222223912A70021FB1E /* AFLayoutAttributesDictionary.m in Sources */ = {isa = PBXBuildFile; fileRef = C37E3221223912A70021FB1E /* AFLayoutAttributesDictionary.m */; };
		C37E32AB223A9A810021FB1E /* AFBaseHeaderSectionView.m in Sources */ = {isa = PBXBuildFile; fileRef = C37E32AA223A9A810021FB1E /* AFBaseHeaderSectionView.m */; };
		C37E32B1223A9BB20021FB1E /* AFDefaultHeaderSectionView.m in Sources */ = {isa = PBXBuildFile; fileRef = C37E32B0223A9BB20021FB1E /* AFDefaultHeaderSectionView.m */; };
		C37E32B4223AC7420021FB1E /* AFTextFieldCellConfig.m in Sources */ = {isa = PBXBuildFile; fileRef = C37E32B3223AC7420021FB1E /* AFTextFieldCellConfig.m */; };
		C37E32CF223B98900021FB1E /* AFDatePickerConfig.m in Sources */ = {isa = PBXBuildFile; fileRef = C37E32CE223B98900021FB1E /* AFDatePickerConfig.m */; };
		C37E32D9223B9CFE0021FB1E /* AFEmailVerifier.m in Sources */ = {isa = PBXBuildFile; fileRef = C37E32D8223B9CFE0021FB1E /* AFEmailVerifier.m */; };
		C37E32E0223B9D620021FB1E /* AFDefaultVerifier.m in Sources */ = {isa = PBXBuildFile; fileRef = C37E32DF223B9D620021FB1E /* AFDefaultVerifier.m */; };
		C37E332A223BC9AF0021FB1E /* AFTextFieldCellInputView.h in CopyFiles */ = {isa = PBXBuildFile; fileRef = C37E32CC223B97140021FB1E /* AFTextFieldCellInputView.h */; };
		C37E332B223BC9B10021FB1E /* AFAutocompleteView.h in CopyFiles */ = {isa = PBXBuildFile; fileRef = C37E32BB223AD61D0021FB1E /* AFAutocompleteView.h */; };
		C37E332C223BC9B60021FB1E /* AFTextVerifier.h in CopyFiles */ = {isa = PBXBuildFile; fileRef = C37E32B6223ACA810021FB1E /* AFTextVerifier.h */; };
		C37E332D223BC9BA0021FB1E /* AFTextField.h in CopyFiles */ = {isa = PBXBuildFile; fileRef = C37E32CB223B963F0021FB1E /* AFTextField.h */; };
		C37E332E223BC9CB0021FB1E /* AFDefaultVerifier.h in CopyFiles */ = {isa = PBXBuildFile; fileRef = C37E32DE223B9D620021FB1E /* AFDefaultVerifier.h */; };
		C37E332F223BC9CE0021FB1E /* AFEmailVerifier.h in CopyFiles */ = {isa = PBXBuildFile; fileRef = C37E32D7223B9CFE0021FB1E /* AFEmailVerifier.h */; };
		C37E3332223BC9D70021FB1E /* AFLayoutConfig.h in CopyFiles */ = {isa = PBXBuildFile; fileRef = C37E32012237ED870021FB1E /* AFLayoutConfig.h */; };
		C37E3333223BC9D90021FB1E /* AFRowConfig.h in CopyFiles */ = {isa = PBXBuildFile; fileRef = C37E31FB2237ED610021FB1E /* AFRowConfig.h */; };
		C37E3334223BC9DC0021FB1E /* AFRow.h in CopyFiles */ = {isa = PBXBuildFile; fileRef = C37E31F72237E5F10021FB1E /* AFRow.h */; };
		C37E3335223BC9DE0021FB1E /* AFSection.h in CopyFiles */ = {isa = PBXBuildFile; fileRef = C37E31F42237E5D40021FB1E /* AFSection.h */; };
		C37E3337223BC9F20021FB1E /* AFHeaderViewConfig.h in CopyFiles */ = {isa = PBXBuildFile; fileRef = C37E32A5223A94360021FB1E /* AFHeaderViewConfig.h */; };
		C37E3338223BC9F50021FB1E /* AFDefaultHeaderSectionView.h in CopyFiles */ = {isa = PBXBuildFile; fileRef = C37E32AF223A9BB20021FB1E /* AFDefaultHeaderSectionView.h */; };
		C37E3339223BC9F70021FB1E /* AFHeaderSectionView.h in CopyFiles */ = {isa = PBXBuildFile; fileRef = C37E32AC223A9AA10021FB1E /* AFHeaderSectionView.h */; };
		C37E333A223BC9FA0021FB1E /* AFormView.h in CopyFiles */ = {isa = PBXBuildFile; fileRef = C37E31EC2237DF160021FB1E /* AFormView.h */; };
		C37E333B223BCA010021FB1E /* AFTextFieldCellConfig.h in CopyFiles */ = {isa = PBXBuildFile; fileRef = C37E32B2223AC7420021FB1E /* AFTextFieldCellConfig.h */; };
		C37E333C223BCA040021FB1E /* AFDatePickerConfig.h in CopyFiles */ = {isa = PBXBuildFile; fileRef = C37E32CD223B98900021FB1E /* AFDatePickerConfig.h */; };
		C37E333D223BCA060021FB1E /* AFCellConfig.h in CopyFiles */ = {isa = PBXBuildFile; fileRef = C37E31FE2237ED770021FB1E /* AFCellConfig.h */; };
		C37E343D223FF1960021FB1E /* AFDatePickerView.m in Sources */ = {isa = PBXBuildFile; fileRef = C37E343C223FF1960021FB1E /* AFDatePickerView.m */; };
		C37E34412240C6A70021FB1E /* AFCacheManager.m in Sources */ = {isa = PBXBuildFile; fileRef = C37E34402240C6A70021FB1E /* AFCacheManager.m */; };
		C37E34422240CA480021FB1E /* AFTextFieldCellInputViewConfig.h in CopyFiles */ = {isa = PBXBuildFile; fileRef = C37E343E2240C3C40021FB1E /* AFTextFieldCellInputViewConfig.h */; };
		C3A9C47E2248D27900D61BB2 /* AFCellRow.h in CopyFiles */ = {isa = PBXBuildFile; fileRef = C382373D224830D7009BA9B7 /* AFCellRow.h */; };
		C3A9C47F2248D28000D61BB2 /* AFBaseCollectionViewCell.h in CopyFiles */ = {isa = PBXBuildFile; fileRef = C37E32092238210D0021FB1E /* AFBaseCollectionViewCell.h */; };
		C3A9C4832248DFEB00D61BB2 /* AFLabelCollectionViewCell.m in Sources */ = {isa = PBXBuildFile; fileRef = C3A9C4822248DFEB00D61BB2 /* AFLabelCollectionViewCell.m */; };
		C3A9C4872248E1FF00D61BB2 /* AFLabelCellConfig.m in Sources */ = {isa = PBXBuildFile; fileRef = C3A9C4862248E1FF00D61BB2 /* AFLabelCellConfig.m */; };
		C3A9C4882248E49600D61BB2 /* AFLabelCellConfig.h in CopyFiles */ = {isa = PBXBuildFile; fileRef = C3A9C4852248E1FF00D61BB2 /* AFLabelCellConfig.h */; };
		C3A9C4892248E4B300D61BB2 /* AFLabelCollectionViewCell.h in CopyFiles */ = {isa = PBXBuildFile; fileRef = C3A9C4812248DFEB00D61BB2 /* AFLabelCollectionViewCell.h */; };
		C3A9C48F2249258500D61BB2 /* AFTextViewCollectionViewCell.m in Sources */ = {isa = PBXBuildFile; fileRef = C3A9C48E2249258500D61BB2 /* AFTextViewCollectionViewCell.m */; };
		C3A9C49722492E3B00D61BB2 /* AFBaseTextContainerCellConfig.m in Sources */ = {isa = PBXBuildFile; fileRef = C3A9C49622492E3B00D61BB2 /* AFBaseTextContainerCellConfig.m */; };
		C3A9C49C22492E6800D61BB2 /* AFTextViewCellConfig.m in Sources */ = {isa = PBXBuildFile; fileRef = C3A9C49B22492E6800D61BB2 /* AFTextViewCellConfig.m */; };
		C3A9C4A02249765100D61BB2 /* AFTextContainerContentView.m in Sources */ = {isa = PBXBuildFile; fileRef = C3A9C49F2249765100D61BB2 /* AFTextContainerContentView.m */; };
		C3A9C4A3224A0F1500D61BB2 /* AFBaseTextContainerCollectionViewCell.m in Sources */ = {isa = PBXBuildFile; fileRef = C3A9C4A2224A0F1500D61BB2 /* AFBaseTextContainerCollectionViewCell.m */; };
		C3A9C4A5224A235000D61BB2 /* AFBaseTextContainerCellConfig.h in Sources */ = {isa = PBXBuildFile; fileRef = C3A9C49522492E3B00D61BB2 /* AFBaseTextContainerCellConfig.h */; };
		C3A9C4A6224A236F00D61BB2 /* AFBaseTextContainerCellConfig.h in CopyFiles */ = {isa = PBXBuildFile; fileRef = C3A9C49522492E3B00D61BB2 /* AFBaseTextContainerCellConfig.h */; };
		C3A9C4A7224A256700D61BB2 /* AFTextViewCollectionViewCell.h in CopyFiles */ = {isa = PBXBuildFile; fileRef = C3A9C48D2249258500D61BB2 /* AFTextViewCollectionViewCell.h */; };
		C3A9C4A8224A257200D61BB2 /* AFTextViewCellConfig.h in CopyFiles */ = {isa = PBXBuildFile; fileRef = C3A9C49A22492E6800D61BB2 /* AFTextViewCellConfig.h */; };
		C3A9C4A9224A257400D61BB2 /* AFTextView.h in CopyFiles */ = {isa = PBXBuildFile; fileRef = C3A9C49D22492E9400D61BB2 /* AFTextView.h */; };
		C3A9C4AF224A369A00D61BB2 /* AFPickerConfig.m in Sources */ = {isa = PBXBuildFile; fileRef = C3A9C4AE224A369A00D61BB2 /* AFPickerConfig.m */; };
		C3A9C4B3224A36E400D61BB2 /* AFPickerView.m in Sources */ = {isa = PBXBuildFile; fileRef = C3A9C4B2224A36E400D61BB2 /* AFPickerView.m */; };
		C3A9C4BD224A4C2D00D61BB2 /* AFPickerConfig.h in CopyFiles */ = {isa = PBXBuildFile; fileRef = C3A9C4AD224A369A00D61BB2 /* AFPickerConfig.h */; };
		C3A9C4BE224A4C9C00D61BB2 /* AFPickerItem.h in Sources */ = {isa = PBXBuildFile; fileRef = C3A9C4BA224A4A0800D61BB2 /* AFPickerItem.h */; };
		C3A9C4BF224A4CA000D61BB2 /* AFPickerItem.h in CopyFiles */ = {isa = PBXBuildFile; fileRef = C3A9C4BA224A4A0800D61BB2 /* AFPickerItem.h */; };
		C3A9C4C7224A5E7200D61BB2 /* UIScreen+AFScreenMetrics.m in Sources */ = {isa = PBXBuildFile; fileRef = C3A9C4C6224A5E7200D61BB2 /* UIScreen+AFScreenMetrics.m */; };
		C3A9C4D3224BEA6800D61BB2 /* AFCompositeRow.m in Sources */ = {isa = PBXBuildFile; fileRef = C3A9C4D2224BEA6800D61BB2 /* AFCompositeRow.m */; };
		C3A9C4D8224BF40C00D61BB2 /* AFForm.m in Sources */ = {isa = PBXBuildFile; fileRef = C3A9C4D7224BF40C00D61BB2 /* AFForm.m */; };
		C3A9C4DC224CE7D900D61BB2 /* AFMultiplieRow.m in Sources */ = {isa = PBXBuildFile; fileRef = C3A9C4DB224CE7D900D61BB2 /* AFMultiplieRow.m */; };
		C3A9C4E0224CE88800D61BB2 /* AFSingleRow.m in Sources */ = {isa = PBXBuildFile; fileRef = C3A9C4DF224CE88800D61BB2 /* AFSingleRow.m */; };
		C3A9C514224D1B6D00D61BB2 /* libAForm.a in Frameworks */ = {isa = PBXBuildFile; fileRef = C3FD5C4E2236A61300FD6789 /* libAForm.a */; };
		C3A9C51B224D1B8000D61BB2 /* AFFormTest.m in Sources */ = {isa = PBXBuildFile; fileRef = C3A9C51A224D1B8000D61BB2 /* AFFormTest.m */; };
		C3A9C51F224D1D9600D61BB2 /* AFTestForm.m in Sources */ = {isa = PBXBuildFile; fileRef = C3A9C51E224D1D9600D61BB2 /* AFTestForm.m */; };
		C3A9C524224D245900D61BB2 /* AFRowAttributes.m in Sources */ = {isa = PBXBuildFile; fileRef = C3A9C523224D245900D61BB2 /* AFRowAttributes.m */; };
		C3C4169F22576E740013E851 /* AFIndexPath.m in Sources */ = {isa = PBXBuildFile; fileRef = C3C4169E22576E740013E851 /* AFIndexPath.m */; };
		C3C416A222576FAF0013E851 /* AFIndexPathSet.m in Sources */ = {isa = PBXBuildFile; fileRef = C3C416A122576FAF0013E851 /* AFIndexPathSet.m */; };
		C3C416A422576FDB0013E851 /* AFIndexPathSetTest.m in Sources */ = {isa = PBXBuildFile; fileRef = C3C416A322576FDB0013E851 /* AFIndexPathSetTest.m */; };
		C3FD5C542236A61300FD6789 /* AFForming.h in CopyFiles */ = {isa = PBXBuildFile; fileRef = C3FD5C512236A61300FD6789 /* AFForming.h */; };
/* End PBXBuildFile section */

/* Begin PBXContainerItemProxy section */
		C3A9C515224D1B6D00D61BB2 /* PBXContainerItemProxy */ = {
			isa = PBXContainerItemProxy;
			containerPortal = C3FD5C462236A61300FD6789 /* Project object */;
			proxyType = 1;
			remoteGlobalIDString = C3FD5C4D2236A61300FD6789;
			remoteInfo = AForm;
		};
/* End PBXContainerItemProxy section */

/* Begin PBXCopyFilesBuildPhase section */
		C3FD5C4C2236A61300FD6789 /* CopyFiles */ = {
			isa = PBXCopyFilesBuildPhase;
			buildActionMask = 2147483647;
			dstPath = "include/$(PRODUCT_NAME)";
			dstSubfolderSpec = 16;
			files = (
				C340F1CD2241314200402742 /* AFormFramework.h in CopyFiles */,
				C3A9C4BF224A4CA000D61BB2 /* AFPickerItem.h in CopyFiles */,
				C3FD5C542236A61300FD6789 /* AFForming.h in CopyFiles */,
				C3A9C47F2248D28000D61BB2 /* AFBaseCollectionViewCell.h in CopyFiles */,
				C31C33982243CA8000E83D40 /* AFBaseCellConfig.h in CopyFiles */,
				C37E333D223BCA060021FB1E /* AFCellConfig.h in CopyFiles */,
				C37E332A223BC9AF0021FB1E /* AFTextFieldCellInputView.h in CopyFiles */,
				C37E332B223BC9B10021FB1E /* AFAutocompleteView.h in CopyFiles */,
				C37E332C223BC9B60021FB1E /* AFTextVerifier.h in CopyFiles */,
				C37E333B223BCA010021FB1E /* AFTextFieldCellConfig.h in CopyFiles */,
				C37E333C223BCA040021FB1E /* AFDatePickerConfig.h in CopyFiles */,
				C3A9C4BD224A4C2D00D61BB2 /* AFPickerConfig.h in CopyFiles */,
				C37E34422240CA480021FB1E /* AFTextFieldCellInputViewConfig.h in CopyFiles */,
				C3A9C4882248E49600D61BB2 /* AFLabelCellConfig.h in CopyFiles */,
				C37E333A223BC9FA0021FB1E /* AFormView.h in CopyFiles */,
				C37E332D223BC9BA0021FB1E /* AFTextField.h in CopyFiles */,
				C37E3337223BC9F20021FB1E /* AFHeaderViewConfig.h in CopyFiles */,
				C3A9C47E2248D27900D61BB2 /* AFCellRow.h in CopyFiles */,
				C3A9C4A7224A256700D61BB2 /* AFTextViewCollectionViewCell.h in CopyFiles */,
				C37E3338223BC9F50021FB1E /* AFDefaultHeaderSectionView.h in CopyFiles */,
				C37E3334223BC9DC0021FB1E /* AFRow.h in CopyFiles */,
				C3A9C4A9224A257400D61BB2 /* AFTextView.h in CopyFiles */,
				C3A9C4A8224A257200D61BB2 /* AFTextViewCellConfig.h in CopyFiles */,
				C3A9C4A6224A236F00D61BB2 /* AFBaseTextContainerCellConfig.h in CopyFiles */,
				C37E3339223BC9F70021FB1E /* AFHeaderSectionView.h in CopyFiles */,
				C37E332E223BC9CB0021FB1E /* AFDefaultVerifier.h in CopyFiles */,
				C37E3332223BC9D70021FB1E /* AFLayoutConfig.h in CopyFiles */,
				C3A9C4892248E4B300D61BB2 /* AFLabelCollectionViewCell.h in CopyFiles */,
				C37E3335223BC9DE0021FB1E /* AFSection.h in CopyFiles */,
				C31C33CE2245079300E83D40 /* AFValue.h in CopyFiles */,
				C37E3333223BC9D90021FB1E /* AFRowConfig.h in CopyFiles */,
				C37E332F223BC9CE0021FB1E /* AFEmailVerifier.h in CopyFiles */,
			);
			runOnlyForDeploymentPostprocessing = 0;
		};
/* End PBXCopyFilesBuildPhase section */

/* Begin PBXFileReference section */
		C31C33952243CA2700E83D40 /* AFBaseCellConfig.h */ = {isa = PBXFileReference; lastKnownFileType = sourcecode.c.h; path = AFBaseCellConfig.h; sourceTree = "<group>"; };
		C31C33962243CA2700E83D40 /* AFBaseCellConfig.m */ = {isa = PBXFileReference; lastKnownFileType = sourcecode.c.objc; path = AFBaseCellConfig.m; sourceTree = "<group>"; };
		C31C33CD224506F200E83D40 /* AFValue.h */ = {isa = PBXFileReference; lastKnownFileType = sourcecode.c.h; path = AFValue.h; sourceTree = "<group>"; };
		C31C33D0224507E600E83D40 /* NSString+AFValue.h */ = {isa = PBXFileReference; lastKnownFileType = sourcecode.c.h; path = "NSString+AFValue.h"; sourceTree = "<group>"; };
		C31C33D1224507E600E83D40 /* NSString+AFValue.m */ = {isa = PBXFileReference; lastKnownFileType = sourcecode.c.objc; path = "NSString+AFValue.m"; sourceTree = "<group>"; };
		C31C33D4224518DC00E83D40 /* AFBaseCellConfig_Private.h */ = {isa = PBXFileReference; lastKnownFileType = sourcecode.c.h; path = AFBaseCellConfig_Private.h; sourceTree = "<group>"; };
		C32089DE2254EE0A00B4D13E /* AFInputRowTest.m */ = {isa = PBXFileReference; lastKnownFileType = sourcecode.c.objc; path = AFInputRowTest.m; sourceTree = "<group>"; };
		C340F1A222412E1E00402742 /* AFormFramework.h */ = {isa = PBXFileReference; lastKnownFileType = sourcecode.c.h; path = AFormFramework.h; sourceTree = "<group>"; };
		C37E31EC2237DF160021FB1E /* AFormView.h */ = {isa = PBXFileReference; lastKnownFileType = sourcecode.c.h; path = AFormView.h; sourceTree = "<group>"; };
		C37E31ED2237DF160021FB1E /* AFormView.m */ = {isa = PBXFileReference; lastKnownFileType = sourcecode.c.objc; path = AFormView.m; sourceTree = "<group>"; };
		C37E31EF2237DFCA0021FB1E /* AFCollectionViewFlowLayout.h */ = {isa = PBXFileReference; lastKnownFileType = sourcecode.c.h; path = AFCollectionViewFlowLayout.h; sourceTree = "<group>"; };
		C37E31F02237DFCA0021FB1E /* AFCollectionViewFlowLayout.m */ = {isa = PBXFileReference; lastKnownFileType = sourcecode.c.objc; path = AFCollectionViewFlowLayout.m; sourceTree = "<group>"; };
		C37E31F42237E5D40021FB1E /* AFSection.h */ = {isa = PBXFileReference; lastKnownFileType = sourcecode.c.h; path = AFSection.h; sourceTree = "<group>"; };
		C37E31F52237E5D40021FB1E /* AFSection.m */ = {isa = PBXFileReference; lastKnownFileType = sourcecode.c.objc; path = AFSection.m; sourceTree = "<group>"; };
		C37E31F72237E5F10021FB1E /* AFRow.h */ = {isa = PBXFileReference; lastKnownFileType = sourcecode.c.h; path = AFRow.h; sourceTree = "<group>"; };
		C37E31F82237E5F10021FB1E /* AFRow.m */ = {isa = PBXFileReference; lastKnownFileType = sourcecode.c.objc; path = AFRow.m; sourceTree = "<group>"; };
		C37E31FB2237ED610021FB1E /* AFRowConfig.h */ = {isa = PBXFileReference; lastKnownFileType = sourcecode.c.h; path = AFRowConfig.h; sourceTree = "<group>"; };
		C37E31FC2237ED610021FB1E /* AFRowConfig.m */ = {isa = PBXFileReference; lastKnownFileType = sourcecode.c.objc; path = AFRowConfig.m; sourceTree = "<group>"; };
		C37E31FE2237ED770021FB1E /* AFCellConfig.h */ = {isa = PBXFileReference; lastKnownFileType = sourcecode.c.h; path = AFCellConfig.h; sourceTree = "<group>"; };
		C37E32012237ED870021FB1E /* AFLayoutConfig.h */ = {isa = PBXFileReference; lastKnownFileType = sourcecode.c.h; path = AFLayoutConfig.h; sourceTree = "<group>"; };
		C37E32022237ED870021FB1E /* AFLayoutConfig.m */ = {isa = PBXFileReference; lastKnownFileType = sourcecode.c.objc; path = AFLayoutConfig.m; sourceTree = "<group>"; };
		C37E3205223814B90021FB1E /* AFResourceManager.h */ = {isa = PBXFileReference; lastKnownFileType = sourcecode.c.h; path = AFResourceManager.h; sourceTree = "<group>"; };
		C37E3206223814B90021FB1E /* AFResourceManager.m */ = {isa = PBXFileReference; lastKnownFileType = sourcecode.c.objc; path = AFResourceManager.m; sourceTree = "<group>"; };
		C37E3208223818C90021FB1E /* AFResourceManager_Private.h */ = {isa = PBXFileReference; lastKnownFileType = sourcecode.c.h; path = AFResourceManager_Private.h; sourceTree = "<group>"; };
		C37E32092238210D0021FB1E /* AFBaseCollectionViewCell.h */ = {isa = PBXFileReference; lastKnownFileType = sourcecode.c.h; path = AFBaseCollectionViewCell.h; sourceTree = "<group>"; };
		C37E320A2238210D0021FB1E /* AFBaseCollectionViewCell.m */ = {isa = PBXFileReference; lastKnownFileType = sourcecode.c.objc; path = AFBaseCollectionViewCell.m; sourceTree = "<group>"; };
		C37E320C2238217D0021FB1E /* AFRow_Private.h */ = {isa = PBXFileReference; lastKnownFileType = sourcecode.c.h; path = AFRow_Private.h; sourceTree = "<group>"; };
		C37E3211223825000021FB1E /* AFTextFieldCollectionViewCell.h */ = {isa = PBXFileReference; lastKnownFileType = sourcecode.c.h; path = AFTextFieldCollectionViewCell.h; sourceTree = "<group>"; };
		C37E3212223825000021FB1E /* AFTextFieldCollectionViewCell.m */ = {isa = PBXFileReference; lastKnownFileType = sourcecode.c.objc; path = AFTextFieldCollectionViewCell.m; sourceTree = "<group>"; };
		C37E321522382BB30021FB1E /* AFFormLayoutAttributes.h */ = {isa = PBXFileReference; lastKnownFileType = sourcecode.c.h; path = AFFormLayoutAttributes.h; sourceTree = "<group>"; };
		C37E321622382BB30021FB1E /* AFFormLayoutAttributes.m */ = {isa = PBXFileReference; lastKnownFileType = sourcecode.c.objc; path = AFFormLayoutAttributes.m; sourceTree = "<group>"; };
		C37E3220223912A70021FB1E /* AFLayoutAttributesDictionary.h */ = {isa = PBXFileReference; lastKnownFileType = sourcecode.c.h; path = AFLayoutAttributesDictionary.h; sourceTree = "<group>"; };
		C37E3221223912A70021FB1E /* AFLayoutAttributesDictionary.m */ = {isa = PBXFileReference; lastKnownFileType = sourcecode.c.objc; path = AFLayoutAttributesDictionary.m; sourceTree = "<group>"; };
		C37E32A5223A94360021FB1E /* AFHeaderViewConfig.h */ = {isa = PBXFileReference; lastKnownFileType = sourcecode.c.h; path = AFHeaderViewConfig.h; sourceTree = "<group>"; };
		C37E32A9223A9A810021FB1E /* AFBaseHeaderSectionView.h */ = {isa = PBXFileReference; lastKnownFileType = sourcecode.c.h; path = AFBaseHeaderSectionView.h; sourceTree = "<group>"; };
		C37E32AA223A9A810021FB1E /* AFBaseHeaderSectionView.m */ = {isa = PBXFileReference; lastKnownFileType = sourcecode.c.objc; path = AFBaseHeaderSectionView.m; sourceTree = "<group>"; };
		C37E32AC223A9AA10021FB1E /* AFHeaderSectionView.h */ = {isa = PBXFileReference; lastKnownFileType = sourcecode.c.h; path = AFHeaderSectionView.h; sourceTree = "<group>"; };
		C37E32AF223A9BB20021FB1E /* AFDefaultHeaderSectionView.h */ = {isa = PBXFileReference; lastKnownFileType = sourcecode.c.h; path = AFDefaultHeaderSectionView.h; sourceTree = "<group>"; };
		C37E32B0223A9BB20021FB1E /* AFDefaultHeaderSectionView.m */ = {isa = PBXFileReference; lastKnownFileType = sourcecode.c.objc; path = AFDefaultHeaderSectionView.m; sourceTree = "<group>"; };
		C37E32B2223AC7420021FB1E /* AFTextFieldCellConfig.h */ = {isa = PBXFileReference; lastKnownFileType = sourcecode.c.h; path = AFTextFieldCellConfig.h; sourceTree = "<group>"; };
		C37E32B3223AC7420021FB1E /* AFTextFieldCellConfig.m */ = {isa = PBXFileReference; lastKnownFileType = sourcecode.c.objc; path = AFTextFieldCellConfig.m; sourceTree = "<group>"; };
		C37E32B6223ACA810021FB1E /* AFTextVerifier.h */ = {isa = PBXFileReference; lastKnownFileType = sourcecode.c.h; path = AFTextVerifier.h; sourceTree = "<group>"; };
		C37E32BB223AD61D0021FB1E /* AFAutocompleteView.h */ = {isa = PBXFileReference; lastKnownFileType = sourcecode.c.h; path = AFAutocompleteView.h; sourceTree = "<group>"; };
		C37E32CB223B963F0021FB1E /* AFTextField.h */ = {isa = PBXFileReference; lastKnownFileType = sourcecode.c.h; path = AFTextField.h; sourceTree = "<group>"; };
		C37E32CC223B97140021FB1E /* AFTextFieldCellInputView.h */ = {isa = PBXFileReference; lastKnownFileType = sourcecode.c.h; path = AFTextFieldCellInputView.h; sourceTree = "<group>"; };
		C37E32CD223B98900021FB1E /* AFDatePickerConfig.h */ = {isa = PBXFileReference; lastKnownFileType = sourcecode.c.h; path = AFDatePickerConfig.h; sourceTree = "<group>"; };
		C37E32CE223B98900021FB1E /* AFDatePickerConfig.m */ = {isa = PBXFileReference; lastKnownFileType = sourcecode.c.objc; path = AFDatePickerConfig.m; sourceTree = "<group>"; };
		C37E32D7223B9CFE0021FB1E /* AFEmailVerifier.h */ = {isa = PBXFileReference; lastKnownFileType = sourcecode.c.h; path = AFEmailVerifier.h; sourceTree = "<group>"; };
		C37E32D8223B9CFE0021FB1E /* AFEmailVerifier.m */ = {isa = PBXFileReference; lastKnownFileType = sourcecode.c.objc; path = AFEmailVerifier.m; sourceTree = "<group>"; };
		C37E32DE223B9D620021FB1E /* AFDefaultVerifier.h */ = {isa = PBXFileReference; lastKnownFileType = sourcecode.c.h; path = AFDefaultVerifier.h; sourceTree = "<group>"; };
		C37E32DF223B9D620021FB1E /* AFDefaultVerifier.m */ = {isa = PBXFileReference; lastKnownFileType = sourcecode.c.objc; path = AFDefaultVerifier.m; sourceTree = "<group>"; };
		C37E343B223FF1960021FB1E /* AFDatePickerView.h */ = {isa = PBXFileReference; lastKnownFileType = sourcecode.c.h; path = AFDatePickerView.h; sourceTree = "<group>"; };
		C37E343C223FF1960021FB1E /* AFDatePickerView.m */ = {isa = PBXFileReference; lastKnownFileType = sourcecode.c.objc; path = AFDatePickerView.m; sourceTree = "<group>"; };
		C37E343E2240C3C40021FB1E /* AFTextFieldCellInputViewConfig.h */ = {isa = PBXFileReference; lastKnownFileType = sourcecode.c.h; path = AFTextFieldCellInputViewConfig.h; sourceTree = "<group>"; };
		C37E343F2240C6A70021FB1E /* AFCacheManager.h */ = {isa = PBXFileReference; lastKnownFileType = sourcecode.c.h; path = AFCacheManager.h; sourceTree = "<group>"; };
		C37E34402240C6A70021FB1E /* AFCacheManager.m */ = {isa = PBXFileReference; lastKnownFileType = sourcecode.c.objc; path = AFCacheManager.m; sourceTree = "<group>"; };
		C382373D224830D7009BA9B7 /* AFCellRow.h */ = {isa = PBXFileReference; lastKnownFileType = sourcecode.c.h; path = AFCellRow.h; sourceTree = "<group>"; };
		C3A9C4812248DFEB00D61BB2 /* AFLabelCollectionViewCell.h */ = {isa = PBXFileReference; lastKnownFileType = sourcecode.c.h; path = AFLabelCollectionViewCell.h; sourceTree = "<group>"; };
		C3A9C4822248DFEB00D61BB2 /* AFLabelCollectionViewCell.m */ = {isa = PBXFileReference; lastKnownFileType = sourcecode.c.objc; path = AFLabelCollectionViewCell.m; sourceTree = "<group>"; };
		C3A9C4852248E1FF00D61BB2 /* AFLabelCellConfig.h */ = {isa = PBXFileReference; lastKnownFileType = sourcecode.c.h; path = AFLabelCellConfig.h; sourceTree = "<group>"; };
		C3A9C4862248E1FF00D61BB2 /* AFLabelCellConfig.m */ = {isa = PBXFileReference; lastKnownFileType = sourcecode.c.objc; path = AFLabelCellConfig.m; sourceTree = "<group>"; };
		C3A9C48D2249258500D61BB2 /* AFTextViewCollectionViewCell.h */ = {isa = PBXFileReference; lastKnownFileType = sourcecode.c.h; path = AFTextViewCollectionViewCell.h; sourceTree = "<group>"; };
		C3A9C48E2249258500D61BB2 /* AFTextViewCollectionViewCell.m */ = {isa = PBXFileReference; lastKnownFileType = sourcecode.c.objc; path = AFTextViewCollectionViewCell.m; sourceTree = "<group>"; };
		C3A9C49522492E3B00D61BB2 /* AFBaseTextContainerCellConfig.h */ = {isa = PBXFileReference; lastKnownFileType = sourcecode.c.h; path = AFBaseTextContainerCellConfig.h; sourceTree = "<group>"; };
		C3A9C49622492E3B00D61BB2 /* AFBaseTextContainerCellConfig.m */ = {isa = PBXFileReference; lastKnownFileType = sourcecode.c.objc; path = AFBaseTextContainerCellConfig.m; sourceTree = "<group>"; };
		C3A9C49A22492E6800D61BB2 /* AFTextViewCellConfig.h */ = {isa = PBXFileReference; lastKnownFileType = sourcecode.c.h; path = AFTextViewCellConfig.h; sourceTree = "<group>"; };
		C3A9C49B22492E6800D61BB2 /* AFTextViewCellConfig.m */ = {isa = PBXFileReference; lastKnownFileType = sourcecode.c.objc; path = AFTextViewCellConfig.m; sourceTree = "<group>"; };
		C3A9C49D22492E9400D61BB2 /* AFTextView.h */ = {isa = PBXFileReference; lastKnownFileType = sourcecode.c.h; path = AFTextView.h; sourceTree = "<group>"; };
		C3A9C49E2249765100D61BB2 /* AFTextContainerContentView.h */ = {isa = PBXFileReference; lastKnownFileType = sourcecode.c.h; path = AFTextContainerContentView.h; sourceTree = "<group>"; };
		C3A9C49F2249765100D61BB2 /* AFTextContainerContentView.m */ = {isa = PBXFileReference; lastKnownFileType = sourcecode.c.objc; path = AFTextContainerContentView.m; sourceTree = "<group>"; };
		C3A9C4A1224A0F1500D61BB2 /* AFBaseTextContainerCollectionViewCell.h */ = {isa = PBXFileReference; lastKnownFileType = sourcecode.c.h; path = AFBaseTextContainerCollectionViewCell.h; sourceTree = "<group>"; };
		C3A9C4A2224A0F1500D61BB2 /* AFBaseTextContainerCollectionViewCell.m */ = {isa = PBXFileReference; lastKnownFileType = sourcecode.c.objc; path = AFBaseTextContainerCollectionViewCell.m; sourceTree = "<group>"; };
		C3A9C4A4224A0F3F00D61BB2 /* AFBaseTextContainerCollectionViewCell_Private.h */ = {isa = PBXFileReference; lastKnownFileType = sourcecode.c.h; path = AFBaseTextContainerCollectionViewCell_Private.h; sourceTree = "<group>"; };
		C3A9C4AD224A369A00D61BB2 /* AFPickerConfig.h */ = {isa = PBXFileReference; lastKnownFileType = sourcecode.c.h; path = AFPickerConfig.h; sourceTree = "<group>"; };
		C3A9C4AE224A369A00D61BB2 /* AFPickerConfig.m */ = {isa = PBXFileReference; lastKnownFileType = sourcecode.c.objc; path = AFPickerConfig.m; sourceTree = "<group>"; };
		C3A9C4B1224A36E400D61BB2 /* AFPickerView.h */ = {isa = PBXFileReference; lastKnownFileType = sourcecode.c.h; path = AFPickerView.h; sourceTree = "<group>"; };
		C3A9C4B2224A36E400D61BB2 /* AFPickerView.m */ = {isa = PBXFileReference; lastKnownFileType = sourcecode.c.objc; path = AFPickerView.m; sourceTree = "<group>"; };
		C3A9C4BA224A4A0800D61BB2 /* AFPickerItem.h */ = {isa = PBXFileReference; lastKnownFileType = sourcecode.c.h; path = AFPickerItem.h; sourceTree = "<group>"; };
		C3A9C4C5224A5E7200D61BB2 /* UIScreen+AFScreenMetrics.h */ = {isa = PBXFileReference; lastKnownFileType = sourcecode.c.h; path = "UIScreen+AFScreenMetrics.h"; sourceTree = "<group>"; };
		C3A9C4C6224A5E7200D61BB2 /* UIScreen+AFScreenMetrics.m */ = {isa = PBXFileReference; lastKnownFileType = sourcecode.c.objc; path = "UIScreen+AFScreenMetrics.m"; sourceTree = "<group>"; };
		C3A9C4CA224B9A2700D61BB2 /* AFBaseCollectionViewCell_Private.h */ = {isa = PBXFileReference; lastKnownFileType = sourcecode.c.h; path = AFBaseCollectionViewCell_Private.h; sourceTree = "<group>"; };
		C3A9C4D1224BEA6800D61BB2 /* AFCompositeRow.h */ = {isa = PBXFileReference; lastKnownFileType = sourcecode.c.h; path = AFCompositeRow.h; sourceTree = "<group>"; };
		C3A9C4D2224BEA6800D61BB2 /* AFCompositeRow.m */ = {isa = PBXFileReference; lastKnownFileType = sourcecode.c.objc; path = AFCompositeRow.m; sourceTree = "<group>"; };
		C3A9C4D6224BF40C00D61BB2 /* AFForm.h */ = {isa = PBXFileReference; lastKnownFileType = sourcecode.c.h; path = AFForm.h; sourceTree = "<group>"; };
		C3A9C4D7224BF40C00D61BB2 /* AFForm.m */ = {isa = PBXFileReference; lastKnownFileType = sourcecode.c.objc; path = AFForm.m; sourceTree = "<group>"; };
		C3A9C4DA224CE7D900D61BB2 /* AFMultiplieRow.h */ = {isa = PBXFileReference; lastKnownFileType = sourcecode.c.h; path = AFMultiplieRow.h; sourceTree = "<group>"; };
		C3A9C4DB224CE7D900D61BB2 /* AFMultiplieRow.m */ = {isa = PBXFileReference; lastKnownFileType = sourcecode.c.objc; path = AFMultiplieRow.m; sourceTree = "<group>"; };
		C3A9C4DE224CE88800D61BB2 /* AFSingleRow.h */ = {isa = PBXFileReference; lastKnownFileType = sourcecode.c.h; path = AFSingleRow.h; sourceTree = "<group>"; };
		C3A9C4DF224CE88800D61BB2 /* AFSingleRow.m */ = {isa = PBXFileReference; lastKnownFileType = sourcecode.c.objc; path = AFSingleRow.m; sourceTree = "<group>"; };
		C3A9C4E1224CEF4D00D61BB2 /* AFInputRow.h */ = {isa = PBXFileReference; lastKnownFileType = sourcecode.c.h; path = AFInputRow.h; sourceTree = "<group>"; };
		C3A9C50F224D1B6D00D61BB2 /* AFormTest.xctest */ = {isa = PBXFileReference; explicitFileType = wrapper.cfbundle; includeInIndex = 0; path = AFormTest.xctest; sourceTree = BUILT_PRODUCTS_DIR; };
		C3A9C513224D1B6D00D61BB2 /* Info.plist */ = {isa = PBXFileReference; lastKnownFileType = text.plist.xml; path = Info.plist; sourceTree = "<group>"; };
		C3A9C51A224D1B8000D61BB2 /* AFFormTest.m */ = {isa = PBXFileReference; lastKnownFileType = sourcecode.c.objc; path = AFFormTest.m; sourceTree = "<group>"; };
		C3A9C51D224D1D9600D61BB2 /* AFTestForm.h */ = {isa = PBXFileReference; lastKnownFileType = sourcecode.c.h; path = AFTestForm.h; sourceTree = "<group>"; };
		C3A9C51E224D1D9600D61BB2 /* AFTestForm.m */ = {isa = PBXFileReference; lastKnownFileType = sourcecode.c.objc; path = AFTestForm.m; sourceTree = "<group>"; };
		C3A9C522224D245900D61BB2 /* AFRowAttributes.h */ = {isa = PBXFileReference; lastKnownFileType = sourcecode.c.h; path = AFRowAttributes.h; sourceTree = "<group>"; };
		C3A9C523224D245900D61BB2 /* AFRowAttributes.m */ = {isa = PBXFileReference; lastKnownFileType = sourcecode.c.objc; path = AFRowAttributes.m; sourceTree = "<group>"; };
		C3C4169D22576E740013E851 /* AFIndexPath.h */ = {isa = PBXFileReference; lastKnownFileType = sourcecode.c.h; path = AFIndexPath.h; sourceTree = "<group>"; };
		C3C4169E22576E740013E851 /* AFIndexPath.m */ = {isa = PBXFileReference; lastKnownFileType = sourcecode.c.objc; path = AFIndexPath.m; sourceTree = "<group>"; };
		C3C416A022576FAF0013E851 /* AFIndexPathSet.h */ = {isa = PBXFileReference; lastKnownFileType = sourcecode.c.h; path = AFIndexPathSet.h; sourceTree = "<group>"; };
		C3C416A122576FAF0013E851 /* AFIndexPathSet.m */ = {isa = PBXFileReference; lastKnownFileType = sourcecode.c.objc; path = AFIndexPathSet.m; sourceTree = "<group>"; };
		C3C416A322576FDB0013E851 /* AFIndexPathSetTest.m */ = {isa = PBXFileReference; lastKnownFileType = sourcecode.c.objc; path = AFIndexPathSetTest.m; sourceTree = "<group>"; };
		C3C416A7225B41D30013E851 /* AFIndexPath_Private.h */ = {isa = PBXFileReference; lastKnownFileType = sourcecode.c.h; path = AFIndexPath_Private.h; sourceTree = "<group>"; };
		C3FD5C4E2236A61300FD6789 /* libAForm.a */ = {isa = PBXFileReference; explicitFileType = archive.ar; includeInIndex = 0; path = libAForm.a; sourceTree = BUILT_PRODUCTS_DIR; };
		C3FD5C512236A61300FD6789 /* AFForming.h */ = {isa = PBXFileReference; lastKnownFileType = sourcecode.c.h; path = AFForming.h; sourceTree = "<group>"; };
/* End PBXFileReference section */

/* Begin PBXFrameworksBuildPhase section */
		C3A9C50C224D1B6D00D61BB2 /* Frameworks */ = {
			isa = PBXFrameworksBuildPhase;
			buildActionMask = 2147483647;
			files = (
				C3A9C514224D1B6D00D61BB2 /* libAForm.a in Frameworks */,
			);
			runOnlyForDeploymentPostprocessing = 0;
		};
		C3FD5C4B2236A61300FD6789 /* Frameworks */ = {
			isa = PBXFrameworksBuildPhase;
			buildActionMask = 2147483647;
			files = (
			);
			runOnlyForDeploymentPostprocessing = 0;
		};
/* End PBXFrameworksBuildPhase section */

/* Begin PBXGroup section */
		C31C33CF224507C600E83D40 /* Utils */ = {
			isa = PBXGroup;
			children = (
				C3A9C4C5224A5E7200D61BB2 /* UIScreen+AFScreenMetrics.h */,
				C3A9C4C6224A5E7200D61BB2 /* UIScreen+AFScreenMetrics.m */,
				C31C33D0224507E600E83D40 /* NSString+AFValue.h */,
				C31C33D1224507E600E83D40 /* NSString+AFValue.m */,
			);
			path = Utils;
			sourceTree = "<group>";
		};
		C31C33D322450E5700E83D40 /* Inputs */ = {
			isa = PBXGroup;
			children = (
				C3A9C4B9224A49FB00D61BB2 /* simple */,
				C3A9C4B8224A49F200D61BB2 /* date */,
			);
			name = Inputs;
			sourceTree = "<group>";
		};
		C37E32042238148B0021FB1E /* Manager */ = {
			isa = PBXGroup;
			children = (
				C37E3205223814B90021FB1E /* AFResourceManager.h */,
				C37E3208223818C90021FB1E /* AFResourceManager_Private.h */,
				C37E3206223814B90021FB1E /* AFResourceManager.m */,
				C37E343F2240C6A70021FB1E /* AFCacheManager.h */,
				C37E34402240C6A70021FB1E /* AFCacheManager.m */,
			);
			path = Manager;
			sourceTree = "<group>";
		};
		C37E320D2238225D0021FB1E /* TextField */ = {
			isa = PBXGroup;
			children = (
				C37E3211223825000021FB1E /* AFTextFieldCollectionViewCell.h */,
				C37E3212223825000021FB1E /* AFTextFieldCollectionViewCell.m */,
			);
			name = TextField;
			sourceTree = "<group>";
		};
		C37E321422382B950021FB1E /* Layout */ = {
			isa = PBXGroup;
			children = (
				C37E31EF2237DFCA0021FB1E /* AFCollectionViewFlowLayout.h */,
				C37E31F02237DFCA0021FB1E /* AFCollectionViewFlowLayout.m */,
				C37E321522382BB30021FB1E /* AFFormLayoutAttributes.h */,
				C37E321622382BB30021FB1E /* AFFormLayoutAttributes.m */,
			);
			path = Layout;
			sourceTree = "<group>";
		};
		C37E321F223908300021FB1E /* Wrappers */ = {
			isa = PBXGroup;
			children = (
				C37E3220223912A70021FB1E /* AFLayoutAttributesDictionary.h */,
				C37E3221223912A70021FB1E /* AFLayoutAttributesDictionary.m */,
				C3C4169D22576E740013E851 /* AFIndexPath.h */,
				C3C416A7225B41D30013E851 /* AFIndexPath_Private.h */,
				C3C4169E22576E740013E851 /* AFIndexPath.m */,
				C3C416A022576FAF0013E851 /* AFIndexPathSet.h */,
				C3C416A122576FAF0013E851 /* AFIndexPathSet.m */,
			);
			path = Wrappers;
			sourceTree = "<group>";
		};
		C37E32A8223A9A670021FB1E /* Headers */ = {
			isa = PBXGroup;
			children = (
				C37E32AE223A9B930021FB1E /* Default */,
				C37E32A5223A94360021FB1E /* AFHeaderViewConfig.h */,
				C37E32A9223A9A810021FB1E /* AFBaseHeaderSectionView.h */,
				C37E32AA223A9A810021FB1E /* AFBaseHeaderSectionView.m */,
				C37E32AC223A9AA10021FB1E /* AFHeaderSectionView.h */,
			);
			path = Headers;
			sourceTree = "<group>";
		};
		C37E32AE223A9B930021FB1E /* Default */ = {
			isa = PBXGroup;
			children = (
				C37E32AF223A9BB20021FB1E /* AFDefaultHeaderSectionView.h */,
				C37E32B0223A9BB20021FB1E /* AFDefaultHeaderSectionView.m */,
			);
			name = Default;
			sourceTree = "<group>";
		};
		C37E32C3223B95810021FB1E /* Verifier */ = {
			isa = PBXGroup;
			children = (
				C37E32D7223B9CFE0021FB1E /* AFEmailVerifier.h */,
				C37E32D8223B9CFE0021FB1E /* AFEmailVerifier.m */,
				C37E32DE223B9D620021FB1E /* AFDefaultVerifier.h */,
				C37E32DF223B9D620021FB1E /* AFDefaultVerifier.m */,
			);
			path = Verifier;
			sourceTree = "<group>";
		};
		C37E32C5223B95970021FB1E /* Configs */ = {
			isa = PBXGroup;
			children = (
				C37E31FB2237ED610021FB1E /* AFRowConfig.h */,
				C37E31FC2237ED610021FB1E /* AFRowConfig.m */,
				C37E32012237ED870021FB1E /* AFLayoutConfig.h */,
				C37E32022237ED870021FB1E /* AFLayoutConfig.m */,
			);
			path = Configs;
			sourceTree = "<group>";
		};
		C37E32C6223B95A70021FB1E /* Row */ = {
			isa = PBXGroup;
			children = (
				C382373D224830D7009BA9B7 /* AFCellRow.h */,
				C3A9C4E1224CEF4D00D61BB2 /* AFInputRow.h */,
				C3A9C522224D245900D61BB2 /* AFRowAttributes.h */,
				C3A9C523224D245900D61BB2 /* AFRowAttributes.m */,
				C3A9C4DD224CE87800D61BB2 /* SingleRow */,
				C3A9C4D9224CE7C300D61BB2 /* MultiplieRow */,
				C3A9C4D4224BEA7000D61BB2 /* CompositeRow */,
				C37E31F72237E5F10021FB1E /* AFRow.h */,
				C37E320C2238217D0021FB1E /* AFRow_Private.h */,
				C37E31F82237E5F10021FB1E /* AFRow.m */,
			);
			path = Row;
			sourceTree = "<group>";
		};
		C37E32C7223B95B40021FB1E /* Section */ = {
			isa = PBXGroup;
			children = (
				C37E31F42237E5D40021FB1E /* AFSection.h */,
				C37E31F52237E5D40021FB1E /* AFSection.m */,
			);
			path = Section;
			sourceTree = "<group>";
		};
		C37E32C8223B95EA0021FB1E /* TextView */ = {
			isa = PBXGroup;
			children = (
				C3A9C48D2249258500D61BB2 /* AFTextViewCollectionViewCell.h */,
				C3A9C48E2249258500D61BB2 /* AFTextViewCollectionViewCell.m */,
			);
			name = TextView;
			sourceTree = "<group>";
		};
		C37E32D0223B989B0021FB1E /* Configs */ = {
			isa = PBXGroup;
			children = (
				C3A9C4842248E1DB00D61BB2 /* Label */,
				C37E32D1223B9C810021FB1E /* TextContainers */,
				C37E31FE2237ED770021FB1E /* AFCellConfig.h */,
				C31C33952243CA2700E83D40 /* AFBaseCellConfig.h */,
				C31C33D4224518DC00E83D40 /* AFBaseCellConfig_Private.h */,
				C31C33962243CA2700E83D40 /* AFBaseCellConfig.m */,
			);
			path = Configs;
			sourceTree = "<group>";
		};
		C37E32D1223B9C810021FB1E /* TextContainers */ = {
			isa = PBXGroup;
			children = (
				C3A9C49922492E5600D61BB2 /* TextView */,
				C3A9C49822492E4000D61BB2 /* TextField */,
				C31C33D322450E5700E83D40 /* Inputs */,
				C37E32CC223B97140021FB1E /* AFTextFieldCellInputView.h */,
				C37E343E2240C3C40021FB1E /* AFTextFieldCellInputViewConfig.h */,
				C3A9C49522492E3B00D61BB2 /* AFBaseTextContainerCellConfig.h */,
				C3A9C49622492E3B00D61BB2 /* AFBaseTextContainerCellConfig.m */,
			);
			path = TextContainers;
			sourceTree = "<group>";
		};
		C37E343A223FF1840021FB1E /* DatePicker */ = {
			isa = PBXGroup;
			children = (
				C37E343B223FF1960021FB1E /* AFDatePickerView.h */,
				C37E343C223FF1960021FB1E /* AFDatePickerView.m */,
			);
			path = DatePicker;
			sourceTree = "<group>";
		};
		C3A9C4802248DFD100D61BB2 /* Label */ = {
			isa = PBXGroup;
			children = (
				C3A9C4812248DFEB00D61BB2 /* AFLabelCollectionViewCell.h */,
				C3A9C4822248DFEB00D61BB2 /* AFLabelCollectionViewCell.m */,
			);
			name = Label;
			sourceTree = "<group>";
		};
		C3A9C4842248E1DB00D61BB2 /* Label */ = {
			isa = PBXGroup;
			children = (
				C3A9C4852248E1FF00D61BB2 /* AFLabelCellConfig.h */,
				C3A9C4862248E1FF00D61BB2 /* AFLabelCellConfig.m */,
			);
			path = Label;
			sourceTree = "<group>";
		};
		C3A9C48B2249254300D61BB2 /* AFormTemplates */ = {
			isa = PBXGroup;
			children = (
			);
			path = AFormTemplates;
			sourceTree = "<group>";
		};
		C3A9C49022492C2300D61BB2 /* TextContainers */ = {
			isa = PBXGroup;
			children = (
				C37E320D2238225D0021FB1E /* TextField */,
				C37E32C8223B95EA0021FB1E /* TextView */,
				C3A9C49E2249765100D61BB2 /* AFTextContainerContentView.h */,
				C3A9C49F2249765100D61BB2 /* AFTextContainerContentView.m */,
				C3A9C4A1224A0F1500D61BB2 /* AFBaseTextContainerCollectionViewCell.h */,
				C3A9C4A4224A0F3F00D61BB2 /* AFBaseTextContainerCollectionViewCell_Private.h */,
				C3A9C4A2224A0F1500D61BB2 /* AFBaseTextContainerCollectionViewCell.m */,
			);
			name = TextContainers;
			sourceTree = "<group>";
		};
		C3A9C49822492E4000D61BB2 /* TextField */ = {
			isa = PBXGroup;
			children = (
				C37E32CB223B963F0021FB1E /* AFTextField.h */,
				C37E32B2223AC7420021FB1E /* AFTextFieldCellConfig.h */,
				C37E32B3223AC7420021FB1E /* AFTextFieldCellConfig.m */,
			);
			name = TextField;
			sourceTree = "<group>";
		};
		C3A9C49922492E5600D61BB2 /* TextView */ = {
			isa = PBXGroup;
			children = (
				C3A9C49D22492E9400D61BB2 /* AFTextView.h */,
				C3A9C49A22492E6800D61BB2 /* AFTextViewCellConfig.h */,
				C3A9C49B22492E6800D61BB2 /* AFTextViewCellConfig.m */,
			);
			name = TextView;
			sourceTree = "<group>";
		};
		C3A9C4B0224A36D600D61BB2 /* Picker */ = {
			isa = PBXGroup;
			children = (
				C3A9C4BA224A4A0800D61BB2 /* AFPickerItem.h */,
				C3A9C4B1224A36E400D61BB2 /* AFPickerView.h */,
				C3A9C4B2224A36E400D61BB2 /* AFPickerView.m */,
			);
			path = Picker;
			sourceTree = "<group>";
		};
		C3A9C4B8224A49F200D61BB2 /* date */ = {
			isa = PBXGroup;
			children = (
				C37E32CD223B98900021FB1E /* AFDatePickerConfig.h */,
				C37E32CE223B98900021FB1E /* AFDatePickerConfig.m */,
			);
			name = date;
			sourceTree = "<group>";
		};
		C3A9C4B9224A49FB00D61BB2 /* simple */ = {
			isa = PBXGroup;
			children = (
				C3A9C4AD224A369A00D61BB2 /* AFPickerConfig.h */,
				C3A9C4AE224A369A00D61BB2 /* AFPickerConfig.m */,
			);
			name = simple;
			sourceTree = "<group>";
		};
		C3A9C4D4224BEA7000D61BB2 /* CompositeRow */ = {
			isa = PBXGroup;
			children = (
				C3A9C4D1224BEA6800D61BB2 /* AFCompositeRow.h */,
				C3A9C4D2224BEA6800D61BB2 /* AFCompositeRow.m */,
			);
			path = CompositeRow;
			sourceTree = "<group>";
		};
		C3A9C4D5224BF32F00D61BB2 /* Form */ = {
			isa = PBXGroup;
			children = (
				C3A9C4D6224BF40C00D61BB2 /* AFForm.h */,
				C3A9C4D7224BF40C00D61BB2 /* AFForm.m */,
			);
			path = Form;
			sourceTree = "<group>";
		};
		C3A9C4D9224CE7C300D61BB2 /* MultiplieRow */ = {
			isa = PBXGroup;
			children = (
				C3A9C4DA224CE7D900D61BB2 /* AFMultiplieRow.h */,
				C3A9C4DB224CE7D900D61BB2 /* AFMultiplieRow.m */,
			);
			path = MultiplieRow;
			sourceTree = "<group>";
		};
		C3A9C4DD224CE87800D61BB2 /* SingleRow */ = {
			isa = PBXGroup;
			children = (
				C3A9C4DE224CE88800D61BB2 /* AFSingleRow.h */,
				C3A9C4DF224CE88800D61BB2 /* AFSingleRow.m */,
			);
			path = SingleRow;
			sourceTree = "<group>";
		};
		C3A9C510224D1B6D00D61BB2 /* AFormTest */ = {
			isa = PBXGroup;
			children = (
				C3A9C51C224D1D7900D61BB2 /* Utils */,
				C3A9C513224D1B6D00D61BB2 /* Info.plist */,
				C3A9C51A224D1B8000D61BB2 /* AFFormTest.m */,
				C32089DE2254EE0A00B4D13E /* AFInputRowTest.m */,
				C3C416A322576FDB0013E851 /* AFIndexPathSetTest.m */,
			);
			path = AFormTest;
			sourceTree = "<group>";
		};
		C3A9C51C224D1D7900D61BB2 /* Utils */ = {
			isa = PBXGroup;
			children = (
				C3A9C51D224D1D9600D61BB2 /* AFTestForm.h */,
				C3A9C51E224D1D9600D61BB2 /* AFTestForm.m */,
			);
			path = Utils;
			sourceTree = "<group>";
		};
		C3FD5C452236A61300FD6789 = {
			isa = PBXGroup;
			children = (
				C3A9C48B2249254300D61BB2 /* AFormTemplates */,
				C3FD5C502236A61300FD6789 /* AForm */,
				C3A9C510224D1B6D00D61BB2 /* AFormTest */,
				C3FD5C4F2236A61300FD6789 /* Products */,
			);
			sourceTree = "<group>";
		};
		C3FD5C4F2236A61300FD6789 /* Products */ = {
			isa = PBXGroup;
			children = (
				C3FD5C4E2236A61300FD6789 /* libAForm.a */,
				C3A9C50F224D1B6D00D61BB2 /* AFormTest.xctest */,
			);
			name = Products;
			sourceTree = "<group>";
		};
		C3FD5C502236A61300FD6789 /* AForm */ = {
			isa = PBXGroup;
			children = (
				C31C33CF224507C600E83D40 /* Utils */,
				C37E32D0223B989B0021FB1E /* Configs */,
				C37E32042238148B0021FB1E /* Manager */,
				C37E321F223908300021FB1E /* Wrappers */,
				C37E321422382B950021FB1E /* Layout */,
				C3FD5C6E2236B1DC00FD6789 /* Views */,
				C37E32A8223A9A670021FB1E /* Headers */,
				C3FD5C6D2236B1D600FD6789 /* Cells */,
				C3FD5C5A2236A61B00FD6789 /* Models */,
				C37E32BB223AD61D0021FB1E /* AFAutocompleteView.h */,
				C31C33CD224506F200E83D40 /* AFValue.h */,
				C3FD5C512236A61300FD6789 /* AFForming.h */,
				C37E32B6223ACA810021FB1E /* AFTextVerifier.h */,
				C340F1A222412E1E00402742 /* AFormFramework.h */,
			);
			path = AForm;
			sourceTree = "<group>";
		};
		C3FD5C5A2236A61B00FD6789 /* Models */ = {
			isa = PBXGroup;
			children = (
				C3A9C4D5224BF32F00D61BB2 /* Form */,
				C37E32C7223B95B40021FB1E /* Section */,
				C37E32C6223B95A70021FB1E /* Row */,
				C37E32C5223B95970021FB1E /* Configs */,
				C37E32C3223B95810021FB1E /* Verifier */,
			);
			path = Models;
			sourceTree = "<group>";
		};
		C3FD5C6D2236B1D600FD6789 /* Cells */ = {
			isa = PBXGroup;
			children = (
				C3A9C49022492C2300D61BB2 /* TextContainers */,
				C3A9C4802248DFD100D61BB2 /* Label */,
				C37E32092238210D0021FB1E /* AFBaseCollectionViewCell.h */,
				C3A9C4CA224B9A2700D61BB2 /* AFBaseCollectionViewCell_Private.h */,
				C37E320A2238210D0021FB1E /* AFBaseCollectionViewCell.m */,
			);
			path = Cells;
			sourceTree = "<group>";
		};
		C3FD5C6E2236B1DC00FD6789 /* Views */ = {
			isa = PBXGroup;
			children = (
				C3A9C4B0224A36D600D61BB2 /* Picker */,
				C37E343A223FF1840021FB1E /* DatePicker */,
				C37E31EC2237DF160021FB1E /* AFormView.h */,
				C37E31ED2237DF160021FB1E /* AFormView.m */,
			);
			path = Views;
			sourceTree = "<group>";
		};
/* End PBXGroup section */

/* Begin PBXNativeTarget section */
		C3A9C50E224D1B6D00D61BB2 /* AFormTest */ = {
			isa = PBXNativeTarget;
			buildConfigurationList = C3A9C517224D1B6D00D61BB2 /* Build configuration list for PBXNativeTarget "AFormTest" */;
			buildPhases = (
				C3A9C50B224D1B6D00D61BB2 /* Sources */,
				C3A9C50C224D1B6D00D61BB2 /* Frameworks */,
				C3A9C50D224D1B6D00D61BB2 /* Resources */,
			);
			buildRules = (
			);
			dependencies = (
				C3A9C516224D1B6D00D61BB2 /* PBXTargetDependency */,
			);
			name = AFormTest;
			productName = AFormTest;
			productReference = C3A9C50F224D1B6D00D61BB2 /* AFormTest.xctest */;
			productType = "com.apple.product-type.bundle.unit-test";
		};
		C3FD5C4D2236A61300FD6789 /* AForm */ = {
			isa = PBXNativeTarget;
			buildConfigurationList = C3FD5C572236A61300FD6789 /* Build configuration list for PBXNativeTarget "AForm" */;
			buildPhases = (
				C3FD5C4A2236A61300FD6789 /* Sources */,
				C3FD5C4B2236A61300FD6789 /* Frameworks */,
				C3FD5C4C2236A61300FD6789 /* CopyFiles */,
			);
			buildRules = (
			);
			dependencies = (
			);
			name = AForm;
			productName = AForm;
			productReference = C3FD5C4E2236A61300FD6789 /* libAForm.a */;
			productType = "com.apple.product-type.library.static";
		};
/* End PBXNativeTarget section */

/* Begin PBXProject section */
		C3FD5C462236A61300FD6789 /* Project object */ = {
			isa = PBXProject;
			attributes = {
				LastUpgradeCheck = 1010;
				ORGANIZATIONNAME = Administrator;
				TargetAttributes = {
					C37E3447224101A30021FB1E = {
						CreatedOnToolsVersion = 10.1;
					};
					C3A9C50E224D1B6D00D61BB2 = {
						CreatedOnToolsVersion = 10.1;
					};
					C3FD5C4D2236A61300FD6789 = {
						CreatedOnToolsVersion = 10.1;
					};
				};
			};
			buildConfigurationList = C3FD5C492236A61300FD6789 /* Build configuration list for PBXProject "AForm" */;
			compatibilityVersion = "Xcode 9.3";
			developmentRegion = en;
			hasScannedForEncodings = 0;
			knownRegions = (
				en,
			);
			mainGroup = C3FD5C452236A61300FD6789;
			productRefGroup = C3FD5C4F2236A61300FD6789 /* Products */;
			projectDirPath = "";
			projectRoot = "";
			targets = (
				C3FD5C4D2236A61300FD6789 /* AForm */,
				C37E3447224101A30021FB1E /* AFormFramework */,
				C3A9C50E224D1B6D00D61BB2 /* AFormTest */,
			);
		};
/* End PBXProject section */

/* Begin PBXResourcesBuildPhase section */
		C3A9C50D224D1B6D00D61BB2 /* Resources */ = {
			isa = PBXResourcesBuildPhase;
			buildActionMask = 2147483647;
			files = (
			);
			runOnlyForDeploymentPostprocessing = 0;
		};
/* End PBXResourcesBuildPhase section */

/* Begin PBXShellScriptBuildPhase section */
		C37E344B224101B10021FB1E /* ShellScript */ = {
			isa = PBXShellScriptBuildPhase;
			buildActionMask = 2147483647;
			files = (
			);
			inputFileListPaths = (
			);
			inputPaths = (
			);
			outputFileListPaths = (
			);
			outputPaths = (
			);
			runOnlyForDeploymentPostprocessing = 0;
			shellPath = /bin/sh;
			shellScript = "if [ x\"${EXTERNALFRAMEWORKSPATH}\" = \"x\" ]; then\nEXTERNALFRAMEWORKSPATH=\"${SRCROOT}\"\nfi\n\nFMK_NAME=\"${TARGET_NAME}\"\nFMK_VERSION=\"A\"\n\nINSTALL_DIR=\"${EXTERNALFRAMEWORKSPATH}/${CONFIGURATION}/iOS/${FMK_NAME}.framework\"\nFMK_DIR=\"${INSTALL_DIR}/${FMK_NAME}.framework\"\n\nWRK_DIR=build\nrm -rf \"${WRK_DIR}\"\nDEVICE_DIR=${WRK_DIR}/${CONFIGURATION}-iphoneos\nSIMULATOR_DIR=${WRK_DIR}/${CONFIGURATION}-iphonesimulator\n\nif [ x\"${ENABLE_BITCODE}\" != \"x\" ]; then\nBITCODEOPT=\"ENABLE_BITCODE=${ENABLE_BITCODE}\"\nfembed_bitcode=`echo \"${ENABLE_BITCODE}\" | tr '[:upper]' '[:lower]'`\n[ \"${fembed_bitcode}\" = 1 -o \"${fembed_bitxode}\" = \"yes\" -o \"${fembed_bitcode}\" = \"true\" ] && {\nOTHER_CFLAGS=\"${OTHER_CFLAGS} -fembed-bitcode\"\nOTHER_LDFLAGS=\"${OTHER_LDFLAGS} -fembed-bitcode\"\n}\nfi\n\n#Building\nxcodebuild -configuration \"${CONFIGURATION}\" -target \"AForm\" -sdk iphoneos ARCHS='armv7 arm64'\nVALID_ARCHS='armv7 arm64' ONLY_ACTIVE_ARCH=0 ${BITCODEOPT} OTHER_CFLAGS=\"${OTHER_CFLAGS}\"\nOTHER_LDFLAGS=\"${OTHER_LDFLAGS}\"\n\nxcodebuild -configuration \"${CONFIGURATION}\" -target \"AForm\" -sdk iphonesimulator ARCHS='i386 x86_64'\nVALID_ARCHS='i386 x86_64' ${BITCODEOPT} ONLY_ACTIVE_ARCH=0 OTHER_CFLAGS=\"${OTHER_CFLAGS}\"\nOTHER_LDFLAGS=\"${OTHER_LDFLAGS}\"\n\n# Cleaning the oldest.\nif [ -d \"${INSTALL_DIR}\" ]; then\nrm -rf \"${INSTALL_DIR}\"\nfi\n\n# Creates and renews the final product folder.\nmkdir -p \"${INSTALL_DIR}\"\nmkdir -p \"${INSTALL_DIR}/Versions\"\nmkdir -p \"${INSTALL_DIR}/Versions/${FMK_VERSION}\"\nmkdir -p \"${INSTALL_DIR}/Versions/${FMK_VERSION}/Resources\"\nmkdir -p \"${INSTALL_DIR}/Versions/${FMK_VERSION}/Headers\"\n\n# Copies the header files to the final product folder.\ncp \"${DEVICE_DIR}/include/AForm/\"*.h \"${INSTALL_DIR}/Versions/${FMK_VERSION}/Headers/\"\n\n# Copy frameworks\n# Install dir (in the root folder of the current project) will be the final output to the framework.\nlibtool -static -o \"${DEVICE_DIR}/${FMK_NAME}\" `find \"${DEVICE_DIR}\" -type f -name \"*.a\"`\nlibtool -static -o \"${SIMULATOR_DIR}/${FMK_NAME}\" `find \"${SIMULATOR_DIR}\" -type f -name \"*.a\"`\nlibtool -static -o \"${INSTALL_DIR}/Versions/${FMK_VERSION}/${FMK_NAME}\" \"${DEVICE_DIR}/${FMK_NAME}\" \"${SIMULATOR_DIR}/${FMK_NAME}\"\n\n# Creates the internal links.\n# It MUST use relative path, otherwise will not work when the folder is copied/moved.\nln -s \"${FMK_VERSION}\" \"${INSTALL_DIR}/Versions/Current\"\nln -s \"Versions/Current/Headers\" \"${INSTALL_DIR}/Headers\"\nln -s \"Versions/Current/Resources\" \"${INSTALL_DIR}/Resources\"\nln -s \"Versions/Current/${FMK_NAME}\" \"${INSTALL_DIR}/${FMK_NAME}\"\n\n# Clean up\nrm -rf \"${WRK_DIR}\"\n\n# Set the build revision mark for the frmework.\n{\n    cd \"${SRCROOT}\"\n    h=`git rev-list --full-history --all --max-count=1 -- \"../../..\" 2> /dev/null | head -1`\n    [ -z \"${h}\" ] || { echo \"Seting framework build revision mark ${h}\"; echo \"${h}\" > \"${INSTALL_DIR}/.build-revision\"; }\n}\n";
		};
/* End PBXShellScriptBuildPhase section */

/* Begin PBXSourcesBuildPhase section */
		C3A9C50B224D1B6D00D61BB2 /* Sources */ = {
			isa = PBXSourcesBuildPhase;
			buildActionMask = 2147483647;
			files = (
				C3A9C51F224D1D9600D61BB2 /* AFTestForm.m in Sources */,
				C3A9C51B224D1B8000D61BB2 /* AFFormTest.m in Sources */,
				C32089DF2254EE0A00B4D13E /* AFInputRowTest.m in Sources */,
				C3C416A422576FDB0013E851 /* AFIndexPathSetTest.m in Sources */,
			);
			runOnlyForDeploymentPostprocessing = 0;
		};
		C3FD5C4A2236A61300FD6789 /* Sources */ = {
			isa = PBXSourcesBuildPhase;
			buildActionMask = 2147483647;
			files = (
				C3A9C524224D245900D61BB2 /* AFRowAttributes.m in Sources */,
				C37E3207223814B90021FB1E /* AFResourceManager.m in Sources */,
				C37E3213223825000021FB1E /* AFTextFieldCollectionViewCell.m in Sources */,
				C37E32D9223B9CFE0021FB1E /* AFEmailVerifier.m in Sources */,
				C3A9C4A3224A0F1500D61BB2 /* AFBaseTextContainerCollectionViewCell.m in Sources */,
				C3A9C4B3224A36E400D61BB2 /* AFPickerView.m in Sources */,
				C3A9C4E0224CE88800D61BB2 /* AFSingleRow.m in Sources */,
				C37E343D223FF1960021FB1E /* AFDatePickerView.m in Sources */,
				C3A9C4BE224A4C9C00D61BB2 /* AFPickerItem.h in Sources */,
				C3A9C4D8224BF40C00D61BB2 /* AFForm.m in Sources */,
				C3A9C4AF224A369A00D61BB2 /* AFPickerConfig.m in Sources */,
				C37E32B1223A9BB20021FB1E /* AFDefaultHeaderSectionView.m in Sources */,
				C3A9C4872248E1FF00D61BB2 /* AFLabelCellConfig.m in Sources */,
				C3A9C4DC224CE7D900D61BB2 /* AFMultiplieRow.m in Sources */,
				C37E32E0223B9D620021FB1E /* AFDefaultVerifier.m in Sources */,
				C3A9C4A02249765100D61BB2 /* AFTextContainerContentView.m in Sources */,
				C37E321722382BB30021FB1E /* AFFormLayoutAttributes.m in Sources */,
				C37E32B4223AC7420021FB1E /* AFTextFieldCellConfig.m in Sources */,
				C37E31EE2237DF160021FB1E /* AFormView.m in Sources */,
				C3C4169F22576E740013E851 /* AFIndexPath.m in Sources */,
				C37E320B2238210D0021FB1E /* AFBaseCollectionViewCell.m in Sources */,
				C3A9C4A5224A235000D61BB2 /* AFBaseTextContainerCellConfig.h in Sources */,
				C3C416A222576FAF0013E851 /* AFIndexPathSet.m in Sources */,
				C37E32CF223B98900021FB1E /* AFDatePickerConfig.m in Sources */,
				C37E31F62237E5D40021FB1E /* AFSection.m in Sources */,
				C37E3222223912A70021FB1E /* AFLayoutAttributesDictionary.m in Sources */,
				C37E31F92237E5F10021FB1E /* AFRow.m in Sources */,
				C3A9C4C7224A5E7200D61BB2 /* UIScreen+AFScreenMetrics.m in Sources */,
				C31C33D2224507E600E83D40 /* NSString+AFValue.m in Sources */,
				C31C33972243CA2700E83D40 /* AFBaseCellConfig.m in Sources */,
				C37E31F12237DFCA0021FB1E /* AFCollectionViewFlowLayout.m in Sources */,
				C3A9C48F2249258500D61BB2 /* AFTextViewCollectionViewCell.m in Sources */,
				C37E34412240C6A70021FB1E /* AFCacheManager.m in Sources */,
				C3A9C4832248DFEB00D61BB2 /* AFLabelCollectionViewCell.m in Sources */,
				C3A9C49722492E3B00D61BB2 /* AFBaseTextContainerCellConfig.m in Sources */,
				C37E32032237ED870021FB1E /* AFLayoutConfig.m in Sources */,
				C37E32AB223A9A810021FB1E /* AFBaseHeaderSectionView.m in Sources */,
				C3A9C49C22492E6800D61BB2 /* AFTextViewCellConfig.m in Sources */,
				C37E31FD2237ED610021FB1E /* AFRowConfig.m in Sources */,
				C3A9C4D3224BEA6800D61BB2 /* AFCompositeRow.m in Sources */,
			);
			runOnlyForDeploymentPostprocessing = 0;
		};
/* End PBXSourcesBuildPhase section */

/* Begin PBXTargetDependency section */
		C3A9C516224D1B6D00D61BB2 /* PBXTargetDependency */ = {
			isa = PBXTargetDependency;
			target = C3FD5C4D2236A61300FD6789 /* AForm */;
			targetProxy = C3A9C515224D1B6D00D61BB2 /* PBXContainerItemProxy */;
		};
/* End PBXTargetDependency section */

/* Begin XCBuildConfiguration section */
		C37E3449224101A30021FB1E /* Debug */ = {
			isa = XCBuildConfiguration;
			buildSettings = {
				CODE_SIGN_STYLE = Automatic;
				PRODUCT_NAME = "$(TARGET_NAME)";
			};
			name = Debug;
		};
		C37E344A224101A30021FB1E /* Release */ = {
			isa = XCBuildConfiguration;
			buildSettings = {
				CODE_SIGN_STYLE = Automatic;
				PRODUCT_NAME = "$(TARGET_NAME)";
			};
			name = Release;
		};
		C3A9C518224D1B6D00D61BB2 /* Debug */ = {
			isa = XCBuildConfiguration;
			buildSettings = {
				CODE_SIGN_STYLE = Automatic;
				HEADER_SEARCH_PATHS = "$(SRCROOT)/${PROJECT_NAME}";
				INFOPLIST_FILE = AFormTest/Info.plist;
				IPHONEOS_DEPLOYMENT_TARGET = 12.1;
				LD_RUNPATH_SEARCH_PATHS = (
					"$(inherited)",
					"@executable_path/Frameworks",
					"@loader_path/Frameworks",
				);
				PRODUCT_BUNDLE_IDENTIFIER = com.gh.AFormTest;
				PRODUCT_NAME = "$(TARGET_NAME)";
				TARGETED_DEVICE_FAMILY = "1,2";
			};
			name = Debug;
		};
		C3A9C519224D1B6D00D61BB2 /* Release */ = {
			isa = XCBuildConfiguration;
			buildSettings = {
				CODE_SIGN_STYLE = Automatic;
				HEADER_SEARCH_PATHS = "$(SRCROOT)/${PROJECT_NAME}";
				INFOPLIST_FILE = AFormTest/Info.plist;
				IPHONEOS_DEPLOYMENT_TARGET = 12.1;
				LD_RUNPATH_SEARCH_PATHS = (
					"$(inherited)",
					"@executable_path/Frameworks",
					"@loader_path/Frameworks",
				);
				PRODUCT_BUNDLE_IDENTIFIER = com.gh.AFormTest;
				PRODUCT_NAME = "$(TARGET_NAME)";
				TARGETED_DEVICE_FAMILY = "1,2";
			};
			name = Release;
		};
		C3FD5C552236A61300FD6789 /* Debug */ = {
			isa = XCBuildConfiguration;
			buildSettings = {
				ALWAYS_SEARCH_USER_PATHS = NO;
				CLANG_ANALYZER_NONNULL = YES;
				CLANG_ANALYZER_NUMBER_OBJECT_CONVERSION = YES_AGGRESSIVE;
				CLANG_CXX_LANGUAGE_STANDARD = "gnu++14";
				CLANG_CXX_LIBRARY = "libc++";
				CLANG_ENABLE_MODULES = YES;
				CLANG_ENABLE_OBJC_ARC = YES;
				CLANG_ENABLE_OBJC_WEAK = YES;
				CLANG_WARN_BLOCK_CAPTURE_AUTORELEASING = YES;
				CLANG_WARN_BOOL_CONVERSION = YES;
				CLANG_WARN_COMMA = YES;
				CLANG_WARN_CONSTANT_CONVERSION = YES;
				CLANG_WARN_DEPRECATED_OBJC_IMPLEMENTATIONS = YES;
				CLANG_WARN_DIRECT_OBJC_ISA_USAGE = YES_ERROR;
				CLANG_WARN_DOCUMENTATION_COMMENTS = YES;
				CLANG_WARN_EMPTY_BODY = YES;
				CLANG_WARN_ENUM_CONVERSION = YES;
				CLANG_WARN_INFINITE_RECURSION = YES;
				CLANG_WARN_INT_CONVERSION = YES;
				CLANG_WARN_NON_LITERAL_NULL_CONVERSION = YES;
				CLANG_WARN_OBJC_IMPLICIT_RETAIN_SELF = YES;
				CLANG_WARN_OBJC_LITERAL_CONVERSION = YES;
				CLANG_WARN_OBJC_ROOT_CLASS = YES_ERROR;
				CLANG_WARN_RANGE_LOOP_ANALYSIS = YES;
				CLANG_WARN_STRICT_PROTOTYPES = YES;
				CLANG_WARN_SUSPICIOUS_MOVE = YES;
				CLANG_WARN_UNGUARDED_AVAILABILITY = YES_AGGRESSIVE;
				CLANG_WARN_UNREACHABLE_CODE = YES;
				CLANG_WARN__DUPLICATE_METHOD_MATCH = YES;
				CODE_SIGN_IDENTITY = "iPhone Developer";
				COPY_PHASE_STRIP = NO;
				DEBUG_INFORMATION_FORMAT = dwarf;
				ENABLE_STRICT_OBJC_MSGSEND = YES;
				ENABLE_TESTABILITY = YES;
				GCC_C_LANGUAGE_STANDARD = gnu11;
				GCC_DYNAMIC_NO_PIC = NO;
				GCC_NO_COMMON_BLOCKS = YES;
				GCC_OPTIMIZATION_LEVEL = 0;
				GCC_PREPROCESSOR_DEFINITIONS = (
					"DEBUG=1",
					"$(inherited)",
				);
				GCC_WARN_64_TO_32_BIT_CONVERSION = YES;
				GCC_WARN_ABOUT_RETURN_TYPE = YES_ERROR;
				GCC_WARN_UNDECLARED_SELECTOR = YES;
				GCC_WARN_UNINITIALIZED_AUTOS = YES_AGGRESSIVE;
				GCC_WARN_UNUSED_FUNCTION = YES;
				GCC_WARN_UNUSED_VARIABLE = YES;
				IPHONEOS_DEPLOYMENT_TARGET = 10.0;
				MTL_ENABLE_DEBUG_INFO = INCLUDE_SOURCE;
				MTL_FAST_MATH = YES;
				ONLY_ACTIVE_ARCH = YES;
				SDKROOT = iphoneos;
			};
			name = Debug;
		};
		C3FD5C562236A61300FD6789 /* Release */ = {
			isa = XCBuildConfiguration;
			buildSettings = {
				ALWAYS_SEARCH_USER_PATHS = NO;
				CLANG_ANALYZER_NONNULL = YES;
				CLANG_ANALYZER_NUMBER_OBJECT_CONVERSION = YES_AGGRESSIVE;
				CLANG_CXX_LANGUAGE_STANDARD = "gnu++14";
				CLANG_CXX_LIBRARY = "libc++";
				CLANG_ENABLE_MODULES = YES;
				CLANG_ENABLE_OBJC_ARC = YES;
				CLANG_ENABLE_OBJC_WEAK = YES;
				CLANG_WARN_BLOCK_CAPTURE_AUTORELEASING = YES;
				CLANG_WARN_BOOL_CONVERSION = YES;
				CLANG_WARN_COMMA = YES;
				CLANG_WARN_CONSTANT_CONVERSION = YES;
				CLANG_WARN_DEPRECATED_OBJC_IMPLEMENTATIONS = YES;
				CLANG_WARN_DIRECT_OBJC_ISA_USAGE = YES_ERROR;
				CLANG_WARN_DOCUMENTATION_COMMENTS = YES;
				CLANG_WARN_EMPTY_BODY = YES;
				CLANG_WARN_ENUM_CONVERSION = YES;
				CLANG_WARN_INFINITE_RECURSION = YES;
				CLANG_WARN_INT_CONVERSION = YES;
				CLANG_WARN_NON_LITERAL_NULL_CONVERSION = YES;
				CLANG_WARN_OBJC_IMPLICIT_RETAIN_SELF = YES;
				CLANG_WARN_OBJC_LITERAL_CONVERSION = YES;
				CLANG_WARN_OBJC_ROOT_CLASS = YES_ERROR;
				CLANG_WARN_RANGE_LOOP_ANALYSIS = YES;
				CLANG_WARN_STRICT_PROTOTYPES = YES;
				CLANG_WARN_SUSPICIOUS_MOVE = YES;
				CLANG_WARN_UNGUARDED_AVAILABILITY = YES_AGGRESSIVE;
				CLANG_WARN_UNREACHABLE_CODE = YES;
				CLANG_WARN__DUPLICATE_METHOD_MATCH = YES;
				CODE_SIGN_IDENTITY = "iPhone Developer";
				COPY_PHASE_STRIP = NO;
				DEBUG_INFORMATION_FORMAT = "dwarf-with-dsym";
				ENABLE_NS_ASSERTIONS = NO;
				ENABLE_STRICT_OBJC_MSGSEND = YES;
				GCC_C_LANGUAGE_STANDARD = gnu11;
				GCC_NO_COMMON_BLOCKS = YES;
				GCC_WARN_64_TO_32_BIT_CONVERSION = YES;
				GCC_WARN_ABOUT_RETURN_TYPE = YES_ERROR;
				GCC_WARN_UNDECLARED_SELECTOR = YES;
				GCC_WARN_UNINITIALIZED_AUTOS = YES_AGGRESSIVE;
				GCC_WARN_UNUSED_FUNCTION = YES;
				GCC_WARN_UNUSED_VARIABLE = YES;
				IPHONEOS_DEPLOYMENT_TARGET = 10.0;
				MTL_ENABLE_DEBUG_INFO = NO;
				MTL_FAST_MATH = YES;
				SDKROOT = iphoneos;
				VALIDATE_PRODUCT = YES;
			};
			name = Release;
		};
		C3FD5C582236A61300FD6789 /* Debug */ = {
			isa = XCBuildConfiguration;
			buildSettings = {
				CODE_SIGN_STYLE = Automatic;
				ONLY_ACTIVE_ARCH = NO;
				OTHER_LDFLAGS = (
					"-ObjC",
					"-all_load",
					"-lc++",
				);
				PRODUCT_NAME = "$(TARGET_NAME)";
				SKIP_INSTALL = YES;
				TARGETED_DEVICE_FAMILY = "1,2";
			};
			name = Debug;
		};
		C3FD5C592236A61300FD6789 /* Release */ = {
			isa = XCBuildConfiguration;
			buildSettings = {
				CODE_SIGN_STYLE = Automatic;
				OTHER_LDFLAGS = (
					"-ObjC",
					"-all_load",
					"-lc++",
				);
				PRODUCT_NAME = "$(TARGET_NAME)";
				SKIP_INSTALL = YES;
				TARGETED_DEVICE_FAMILY = "1,2";
			};
			name = Release;
		};
/* End XCBuildConfiguration section */

/* Begin XCConfigurationList section */
		C37E3448224101A30021FB1E /* Build configuration list for PBXAggregateTarget "AFormFramework" */ = {
			isa = XCConfigurationList;
			buildConfigurations = (
				C37E3449224101A30021FB1E /* Debug */,
				C37E344A224101A30021FB1E /* Release */,
			);
			defaultConfigurationIsVisible = 0;
			defaultConfigurationName = Release;
		};
		C3A9C517224D1B6D00D61BB2 /* Build configuration list for PBXNativeTarget "AFormTest" */ = {
			isa = XCConfigurationList;
			buildConfigurations = (
				C3A9C518224D1B6D00D61BB2 /* Debug */,
				C3A9C519224D1B6D00D61BB2 /* Release */,
			);
			defaultConfigurationIsVisible = 0;
			defaultConfigurationName = Release;
		};
		C3FD5C492236A61300FD6789 /* Build configuration list for PBXProject "AForm" */ = {
			isa = XCConfigurationList;
			buildConfigurations = (
				C3FD5C552236A61300FD6789 /* Debug */,
				C3FD5C562236A61300FD6789 /* Release */,
			);
			defaultConfigurationIsVisible = 0;
			defaultConfigurationName = Release;
		};
		C3FD5C572236A61300FD6789 /* Build configuration list for PBXNativeTarget "AForm" */ = {
			isa = XCConfigurationList;
			buildConfigurations = (
				C3FD5C582236A61300FD6789 /* Debug */,
				C3FD5C592236A61300FD6789 /* Release */,
			);
			defaultConfigurationIsVisible = 0;
			defaultConfigurationName = Release;
		};
/* End XCConfigurationList section */
	};
	rootObject = C3FD5C462236A61300FD6789 /* Project object */;
}
